// !$*UTF8*$!
{
	archiveVersion = 1;
	classes = {
	};
	objectVersion = 48;
	objects = {

/* Begin PBXBuildFile section */
		91C087FB1FC5814500D951A8 /* AppDelegate.swift in Sources */ = {isa = PBXBuildFile; fileRef = 91C087FA1FC5814500D951A8 /* AppDelegate.swift */; };
		91C087FD1FC5814500D951A8 /* ViewController.swift in Sources */ = {isa = PBXBuildFile; fileRef = 91C087FC1FC5814500D951A8 /* ViewController.swift */; };
		91C088001FC5814500D951A8 /* Main.storyboard in Resources */ = {isa = PBXBuildFile; fileRef = 91C087FE1FC5814500D951A8 /* Main.storyboard */; };
		91C088021FC5814500D951A8 /* Assets.xcassets in Resources */ = {isa = PBXBuildFile; fileRef = 91C088011FC5814500D951A8 /* Assets.xcassets */; };
		91C088051FC5814500D951A8 /* LaunchScreen.storyboard in Resources */ = {isa = PBXBuildFile; fileRef = 91C088031FC5814500D951A8 /* LaunchScreen.storyboard */; };
		91C088101FC5814500D951A8 /* FunctionDemoTests.swift in Sources */ = {isa = PBXBuildFile; fileRef = 91C0880F1FC5814500D951A8 /* FunctionDemoTests.swift */; };
		91C0881B1FC5814500D951A8 /* FunctionDemoUITests.swift in Sources */ = {isa = PBXBuildFile; fileRef = 91C0881A1FC5814500D951A8 /* FunctionDemoUITests.swift */; };
/* End PBXBuildFile section */

/* Begin PBXContainerItemProxy section */
		91C0880C1FC5814500D951A8 /* PBXContainerItemProxy */ = {
			isa = PBXContainerItemProxy;
			containerPortal = 91C087EF1FC5814500D951A8 /* Project object */;
			proxyType = 1;
			remoteGlobalIDString = 91C087F61FC5814500D951A8;
			remoteInfo = FunctionDemo;
		};
		91C088171FC5814500D951A8 /* PBXContainerItemProxy */ = {
			isa = PBXContainerItemProxy;
			containerPortal = 91C087EF1FC5814500D951A8 /* Project object */;
			proxyType = 1;
			remoteGlobalIDString = 91C087F61FC5814500D951A8;
			remoteInfo = FunctionDemo;
		};
/* End PBXContainerItemProxy section */

/* Begin PBXFileReference section */
		91C087F71FC5814500D951A8 /* FunctionDemo.app */ = {isa = PBXFileReference; explicitFileType = wrapper.application; includeInIndex = 0; path = FunctionDemo.app; sourceTree = BUILT_PRODUCTS_DIR; };
		91C087FA1FC5814500D951A8 /* AppDelegate.swift */ = {isa = PBXFileReference; lastKnownFileType = sourcecode.swift; path = AppDelegate.swift; sourceTree = "<group>"; };
		91C087FC1FC5814500D951A8 /* ViewController.swift */ = {isa = PBXFileReference; lastKnownFileType = sourcecode.swift; path = ViewController.swift; sourceTree = "<group>"; };
		91C087FF1FC5814500D951A8 /* Base */ = {isa = PBXFileReference; lastKnownFileType = file.storyboard; name = Base; path = Base.lproj/Main.storyboard; sourceTree = "<group>"; };
		91C088011FC5814500D951A8 /* Assets.xcassets */ = {isa = PBXFileReference; lastKnownFileType = folder.assetcatalog; path = Assets.xcassets; sourceTree = "<group>"; };
		91C088041FC5814500D951A8 /* Base */ = {isa = PBXFileReference; lastKnownFileType = file.storyboard; name = Base; path = Base.lproj/LaunchScreen.storyboard; sourceTree = "<group>"; };
		91C088061FC5814500D951A8 /* Info.plist */ = {isa = PBXFileReference; lastKnownFileType = text.plist.xml; path = Info.plist; sourceTree = "<group>"; };
		91C0880B1FC5814500D951A8 /* FunctionDemoTests.xctest */ = {isa = PBXFileReference; explicitFileType = wrapper.cfbundle; includeInIndex = 0; path = FunctionDemoTests.xctest; sourceTree = BUILT_PRODUCTS_DIR; };
		91C0880F1FC5814500D951A8 /* FunctionDemoTests.swift */ = {isa = PBXFileReference; lastKnownFileType = sourcecode.swift; path = FunctionDemoTests.swift; sourceTree = "<group>"; };
		91C088111FC5814500D951A8 /* Info.plist */ = {isa = PBXFileReference; lastKnownFileType = text.plist.xml; path = Info.plist; sourceTree = "<group>"; };
		91C088161FC5814500D951A8 /* FunctionDemoUITests.xctest */ = {isa = PBXFileReference; explicitFileType = wrapper.cfbundle; includeInIndex = 0; path = FunctionDemoUITests.xctest; sourceTree = BUILT_PRODUCTS_DIR; };
		91C0881A1FC5814500D951A8 /* FunctionDemoUITests.swift */ = {isa = PBXFileReference; lastKnownFileType = sourcecode.swift; path = FunctionDemoUITests.swift; sourceTree = "<group>"; };
		91C0881C1FC5814500D951A8 /* Info.plist */ = {isa = PBXFileReference; lastKnownFileType = text.plist.xml; path = Info.plist; sourceTree = "<group>"; };
/* End PBXFileReference section */

/* Begin PBXFrameworksBuildPhase section */
		91C087F41FC5814500D951A8 /* Frameworks */ = {
			isa = PBXFrameworksBuildPhase;
			buildActionMask = 2147483647;
			files = (
			);
			runOnlyForDeploymentPostprocessing = 0;
		};
		91C088081FC5814500D951A8 /* Frameworks */ = {
			isa = PBXFrameworksBuildPhase;
			buildActionMask = 2147483647;
			files = (
			);
			runOnlyForDeploymentPostprocessing = 0;
		};
		91C088131FC5814500D951A8 /* Frameworks */ = {
			isa = PBXFrameworksBuildPhase;
			buildActionMask = 2147483647;
			files = (
			);
			runOnlyForDeploymentPostprocessing = 0;
		};
/* End PBXFrameworksBuildPhase section */

/* Begin PBXGroup section */
		91C087EE1FC5814500D951A8 = {
			isa = PBXGroup;
			children = (
				91C087F91FC5814500D951A8 /* FunctionDemo */,
				91C0880E1FC5814500D951A8 /* FunctionDemoTests */,
				91C088191FC5814500D951A8 /* FunctionDemoUITests */,
				91C087F81FC5814500D951A8 /* Products */,
			);
			sourceTree = "<group>";
		};
		91C087F81FC5814500D951A8 /* Products */ = {
			isa = PBXGroup;
			children = (
				91C087F71FC5814500D951A8 /* FunctionDemo.app */,
				91C0880B1FC5814500D951A8 /* FunctionDemoTests.xctest */,
				91C088161FC5814500D951A8 /* FunctionDemoUITests.xctest */,
			);
			name = Products;
			sourceTree = "<group>";
		};
		91C087F91FC5814500D951A8 /* FunctionDemo */ = {
			isa = PBXGroup;
			children = (
				91C087FA1FC5814500D951A8 /* AppDelegate.swift */,
				91C087FC1FC5814500D951A8 /* ViewController.swift */,
				91C087FE1FC5814500D951A8 /* Main.storyboard */,
				91C088011FC5814500D951A8 /* Assets.xcassets */,
				91C088031FC5814500D951A8 /* LaunchScreen.storyboard */,
				91C088061FC5814500D951A8 /* Info.plist */,
			);
			path = FunctionDemo;
			sourceTree = "<group>";
		};
		91C0880E1FC5814500D951A8 /* FunctionDemoTests */ = {
			isa = PBXGroup;
			children = (
				91C0880F1FC5814500D951A8 /* FunctionDemoTests.swift */,
				91C088111FC5814500D951A8 /* Info.plist */,
			);
			path = FunctionDemoTests;
			sourceTree = "<group>";
		};
		91C088191FC5814500D951A8 /* FunctionDemoUITests */ = {
			isa = PBXGroup;
			children = (
				91C0881A1FC5814500D951A8 /* FunctionDemoUITests.swift */,
				91C0881C1FC5814500D951A8 /* Info.plist */,
			);
			path = FunctionDemoUITests;
			sourceTree = "<group>";
		};
/* End PBXGroup section */

/* Begin PBXNativeTarget section */
		91C087F61FC5814500D951A8 /* FunctionDemo */ = {
			isa = PBXNativeTarget;
			buildConfigurationList = 91C0881F1FC5814500D951A8 /* Build configuration list for PBXNativeTarget "FunctionDemo" */;
			buildPhases = (
				91C087F31FC5814500D951A8 /* Sources */,
				91C087F41FC5814500D951A8 /* Frameworks */,
				91C087F51FC5814500D951A8 /* Resources */,
			);
			buildRules = (
			);
			dependencies = (
			);
			name = FunctionDemo;
			productName = FunctionDemo;
			productReference = 91C087F71FC5814500D951A8 /* FunctionDemo.app */;
			productType = "com.apple.product-type.application";
		};
		91C0880A1FC5814500D951A8 /* FunctionDemoTests */ = {
			isa = PBXNativeTarget;
			buildConfigurationList = 91C088221FC5814500D951A8 /* Build configuration list for PBXNativeTarget "FunctionDemoTests" */;
			buildPhases = (
				91C088071FC5814500D951A8 /* Sources */,
				91C088081FC5814500D951A8 /* Frameworks */,
				91C088091FC5814500D951A8 /* Resources */,
			);
			buildRules = (
			);
			dependencies = (
				91C0880D1FC5814500D951A8 /* PBXTargetDependency */,
			);
			name = FunctionDemoTests;
			productName = FunctionDemoTests;
			productReference = 91C0880B1FC5814500D951A8 /* FunctionDemoTests.xctest */;
			productType = "com.apple.product-type.bundle.unit-test";
		};
		91C088151FC5814500D951A8 /* FunctionDemoUITests */ = {
			isa = PBXNativeTarget;
			buildConfigurationList = 91C088251FC5814500D951A8 /* Build configuration list for PBXNativeTarget "FunctionDemoUITests" */;
			buildPhases = (
				91C088121FC5814500D951A8 /* Sources */,
				91C088131FC5814500D951A8 /* Frameworks */,
				91C088141FC5814500D951A8 /* Resources */,
			);
			buildRules = (
			);
			dependencies = (
				91C088181FC5814500D951A8 /* PBXTargetDependency */,
			);
			name = FunctionDemoUITests;
			productName = FunctionDemoUITests;
			productReference = 91C088161FC5814500D951A8 /* FunctionDemoUITests.xctest */;
			productType = "com.apple.product-type.bundle.ui-testing";
		};
/* End PBXNativeTarget section */

/* Begin PBXProject section */
		91C087EF1FC5814500D951A8 /* Project object */ = {
			isa = PBXProject;
			attributes = {
				LastSwiftUpdateCheck = 0910;
				LastUpgradeCheck = 0910;
				ORGANIZATIONNAME = "Raghavendra Dattawad";
				TargetAttributes = {
					91C087F61FC5814500D951A8 = {
						CreatedOnToolsVersion = 9.1;
						ProvisioningStyle = Automatic;
					};
					91C0880A1FC5814500D951A8 = {
						CreatedOnToolsVersion = 9.1;
						ProvisioningStyle = Automatic;
						TestTargetID = 91C087F61FC5814500D951A8;
					};
					91C088151FC5814500D951A8 = {
						CreatedOnToolsVersion = 9.1;
						ProvisioningStyle = Automatic;
						TestTargetID = 91C087F61FC5814500D951A8;
					};
				};
			};
			buildConfigurationList = 91C087F21FC5814500D951A8 /* Build configuration list for PBXProject "FunctionDemo" */;
			compatibilityVersion = "Xcode 8.0";
			developmentRegion = en;
			hasScannedForEncodings = 0;
			knownRegions = (
				en,
				Base,
			);
			mainGroup = 91C087EE1FC5814500D951A8;
			productRefGroup = 91C087F81FC5814500D951A8 /* Products */;
			projectDirPath = "";
			projectRoot = "";
			targets = (
				91C087F61FC5814500D951A8 /* FunctionDemo */,
				91C0880A1FC5814500D951A8 /* FunctionDemoTests */,
				91C088151FC5814500D951A8 /* FunctionDemoUITests */,
			);
		};
/* End PBXProject section */

/* Begin PBXResourcesBuildPhase section */
		91C087F51FC5814500D951A8 /* Resources */ = {
			isa = PBXResourcesBuildPhase;
			buildActionMask = 2147483647;
			files = (
				91C088051FC5814500D951A8 /* LaunchScreen.storyboard in Resources */,
				91C088021FC5814500D951A8 /* Assets.xcassets in Resources */,
				91C088001FC5814500D951A8 /* Main.storyboard in Resources */,
			);
			runOnlyForDeploymentPostprocessing = 0;
		};
		91C088091FC5814500D951A8 /* Resources */ = {
			isa = PBXResourcesBuildPhase;
			buildActionMask = 2147483647;
			files = (
			);
			runOnlyForDeploymentPostprocessing = 0;
		};
		91C088141FC5814500D951A8 /* Resources */ = {
			isa = PBXResourcesBuildPhase;
			buildActionMask = 2147483647;
			files = (
			);
			runOnlyForDeploymentPostprocessing = 0;
		};
/* End PBXResourcesBuildPhase section */

/* Begin PBXSourcesBuildPhase section */
		91C087F31FC5814500D951A8 /* Sources */ = {
			isa = PBXSourcesBuildPhase;
			buildActionMask = 2147483647;
			files = (
				91C087FD1FC5814500D951A8 /* ViewController.swift in Sources */,
				91C087FB1FC5814500D951A8 /* AppDelegate.swift in Sources */,
			);
			runOnlyForDeploymentPostprocessing = 0;
		};
		91C088071FC5814500D951A8 /* Sources */ = {
			isa = PBXSourcesBuildPhase;
			buildActionMask = 2147483647;
			files = (
				91C088101FC5814500D951A8 /* FunctionDemoTests.swift in Sources */,
			);
			runOnlyForDeploymentPostprocessing = 0;
		};
		91C088121FC5814500D951A8 /* Sources */ = {
			isa = PBXSourcesBuildPhase;
			buildActionMask = 2147483647;
			files = (
				91C0881B1FC5814500D951A8 /* FunctionDemoUITests.swift in Sources */,
			);
			runOnlyForDeploymentPostprocessing = 0;
		};
/* End PBXSourcesBuildPhase section */

/* Begin PBXTargetDependency section */
		91C0880D1FC5814500D951A8 /* PBXTargetDependency */ = {
			isa = PBXTargetDependency;
			target = 91C087F61FC5814500D951A8 /* FunctionDemo */;
			targetProxy = 91C0880C1FC5814500D951A8 /* PBXContainerItemProxy */;
		};
		91C088181FC5814500D951A8 /* PBXTargetDependency */ = {
			isa = PBXTargetDependency;
			target = 91C087F61FC5814500D951A8 /* FunctionDemo */;
			targetProxy = 91C088171FC5814500D951A8 /* PBXContainerItemProxy */;
		};
/* End PBXTargetDependency section */

/* Begin PBXVariantGroup section */
		91C087FE1FC5814500D951A8 /* Main.storyboard */ = {
			isa = PBXVariantGroup;
			children = (
				91C087FF1FC5814500D951A8 /* Base */,
			);
			name = Main.storyboard;
			sourceTree = "<group>";
		};
		91C088031FC5814500D951A8 /* LaunchScreen.storyboard */ = {
			isa = PBXVariantGroup;
			children = (
				91C088041FC5814500D951A8 /* Base */,
			);
			name = LaunchScreen.storyboard;
			sourceTree = "<group>";
		};
/* End PBXVariantGroup section */

/* Begin XCBuildConfiguration section */
		91C0881D1FC5814500D951A8 /* Debug */ = {
			isa = XCBuildConfiguration;
			buildSettings = {
				ALWAYS_SEARCH_USER_PATHS = NO;
				CLANG_ANALYZER_NONNULL = YES;
				CLANG_ANALYZER_NUMBER_OBJECT_CONVERSION = YES_AGGRESSIVE;
				CLANG_CXX_LANGUAGE_STANDARD = "gnu++14";
				CLANG_CXX_LIBRARY = "libc++";
				CLANG_ENABLE_MODULES = YES;
				CLANG_ENABLE_OBJC_ARC = YES;
				CLANG_WARN_BLOCK_CAPTURE_AUTORELEASING = YES;
				CLANG_WARN_BOOL_CONVERSION = YES;
				CLANG_WARN_COMMA = YES;
				CLANG_WARN_CONSTANT_CONVERSION = YES;
				CLANG_WARN_DIRECT_OBJC_ISA_USAGE = YES_ERROR;
				CLANG_WARN_DOCUMENTATION_COMMENTS = YES;
				CLANG_WARN_EMPTY_BODY = YES;
				CLANG_WARN_ENUM_CONVERSION = YES;
				CLANG_WARN_INFINITE_RECURSION = YES;
				CLANG_WARN_INT_CONVERSION = YES;
				CLANG_WARN_NON_LITERAL_NULL_CONVERSION = YES;
				CLANG_WARN_OBJC_LITERAL_CONVERSION = YES;
				CLANG_WARN_OBJC_ROOT_CLASS = YES_ERROR;
				CLANG_WARN_RANGE_LOOP_ANALYSIS = YES;
				CLANG_WARN_STRICT_PROTOTYPES = YES;
				CLANG_WARN_SUSPICIOUS_MOVE = YES;
				CLANG_WARN_UNGUARDED_AVAILABILITY = YES_AGGRESSIVE;
				CLANG_WARN_UNREACHABLE_CODE = YES;
				CLANG_WARN__DUPLICATE_METHOD_MATCH = YES;
				CODE_SIGN_IDENTITY = "iPhone Developer";
				COPY_PHASE_STRIP = NO;
				DEBUG_INFORMATION_FORMAT = dwarf;
				ENABLE_STRICT_OBJC_MSGSEND = YES;
				ENABLE_TESTABILITY = YES;
				GCC_C_LANGUAGE_STANDARD = gnu11;
				GCC_DYNAMIC_NO_PIC = NO;
				GCC_NO_COMMON_BLOCKS = YES;
				GCC_OPTIMIZATION_LEVEL = 0;
				GCC_PREPROCESSOR_DEFINITIONS = (
					"DEBUG=1",
					"$(inherited)",
				);
				GCC_WARN_64_TO_32_BIT_CONVERSION = YES;
				GCC_WARN_ABOUT_RETURN_TYPE = YES_ERROR;
				GCC_WARN_UNDECLARED_SELECTOR = YES;
				GCC_WARN_UNINITIALIZED_AUTOS = YES_AGGRESSIVE;
				GCC_WARN_UNUSED_FUNCTION = YES;
				GCC_WARN_UNUSED_VARIABLE = YES;
				IPHONEOS_DEPLOYMENT_TARGET = 11.1;
				MTL_ENABLE_DEBUG_INFO = YES;
				ONLY_ACTIVE_ARCH = YES;
				SDKROOT = iphoneos;
				SWIFT_ACTIVE_COMPILATION_CONDITIONS = DEBUG;
				SWIFT_OPTIMIZATION_LEVEL = "-Onone";
			};
			name = Debug;
		};
		91C0881E1FC5814500D951A8 /* Release */ = {
			isa = XCBuildConfiguration;
			buildSettings = {
				ALWAYS_SEARCH_USER_PATHS = NO;
				CLANG_ANALYZER_NONNULL = YES;
				CLANG_ANALYZER_NUMBER_OBJECT_CONVERSION = YES_AGGRESSIVE;
				CLANG_CXX_LANGUAGE_STANDARD = "gnu++14";
				CLANG_CXX_LIBRARY = "libc++";
				CLANG_ENABLE_MODULES = YES;
				CLANG_ENABLE_OBJC_ARC = YES;
				CLANG_WARN_BLOCK_CAPTURE_AUTORELEASING = YES;
				CLANG_WARN_BOOL_CONVERSION = YES;
				CLANG_WARN_COMMA = YES;
				CLANG_WARN_CONSTANT_CONVERSION = YES;
				CLANG_WARN_DIRECT_OBJC_ISA_USAGE = YES_ERROR;
				CLANG_WARN_DOCUMENTATION_COMMENTS = YES;
				CLANG_WARN_EMPTY_BODY = YES;
				CLANG_WARN_ENUM_CONVERSION = YES;
				CLANG_WARN_INFINITE_RECURSION = YES;
				CLANG_WARN_INT_CONVERSION = YES;
				CLANG_WARN_NON_LITERAL_NULL_CONVERSION = YES;
				CLANG_WARN_OBJC_LITERAL_CONVERSION = YES;
				CLANG_WARN_OBJC_ROOT_CLASS = YES_ERROR;
				CLANG_WARN_RANGE_LOOP_ANALYSIS = YES;
				CLANG_WARN_STRICT_PROTOTYPES = YES;
				CLANG_WARN_SUSPICIOUS_MOVE = YES;
				CLANG_WARN_UNGUARDED_AVAILABILITY = YES_AGGRESSIVE;
				CLANG_WARN_UNREACHABLE_CODE = YES;
				CLANG_WARN__DUPLICATE_METHOD_MATCH = YES;
				CODE_SIGN_IDENTITY = "iPhone Developer";
				COPY_PHASE_STRIP = NO;
				DEBUG_INFORMATION_FORMAT = "dwarf-with-dsym";
				ENABLE_NS_ASSERTIONS = NO;
				ENABLE_STRICT_OBJC_MSGSEND = YES;
				GCC_C_LANGUAGE_STANDARD = gnu11;
				GCC_NO_COMMON_BLOCKS = YES;
				GCC_WARN_64_TO_32_BIT_CONVERSION = YES;
				GCC_WARN_ABOUT_RETURN_TYPE = YES_ERROR;
				GCC_WARN_UNDECLARED_SELECTOR = YES;
				GCC_WARN_UNINITIALIZED_AUTOS = YES_AGGRESSIVE;
				GCC_WARN_UNUSED_FUNCTION = YES;
				GCC_WARN_UNUSED_VARIABLE = YES;
				IPHONEOS_DEPLOYMENT_TARGET = 11.1;
				MTL_ENABLE_DEBUG_INFO = NO;
				SDKROOT = iphoneos;
				SWIFT_OPTIMIZATION_LEVEL = "-Owholemodule";
				VALIDATE_PRODUCT = YES;
			};
			name = Release;
		};
		91C088201FC5814500D951A8 /* Debug */ = {
			isa = XCBuildConfiguration;
			buildSettings = {
				ASSETCATALOG_COMPILER_APPICON_NAME = AppIcon;
				CODE_SIGN_STYLE = Automatic;
				INFOPLIST_FILE = FunctionDemo/Info.plist;
				LD_RUNPATH_SEARCH_PATHS = "$(inherited) @executable_path/Frameworks";
				PRODUCT_BUNDLE_IDENTIFIER = com.ITCS.FunctionDemo;
				PRODUCT_NAME = "$(TARGET_NAME)";
				SWIFT_VERSION = 4.0;
				TARGETED_DEVICE_FAMILY = "1,2";
			};
			name = Debug;
		};
		91C088211FC5814500D951A8 /* Release */ = {
			isa = XCBuildConfiguration;
			buildSettings = {
				ASSETCATALOG_COMPILER_APPICON_NAME = AppIcon;
				CODE_SIGN_STYLE = Automatic;
				INFOPLIST_FILE = FunctionDemo/Info.plist;
				LD_RUNPATH_SEARCH_PATHS = "$(inherited) @executable_path/Frameworks";
				PRODUCT_BUNDLE_IDENTIFIER = com.ITCS.FunctionDemo;
				PRODUCT_NAME = "$(TARGET_NAME)";
				SWIFT_VERSION = 4.0;
				TARGETED_DEVICE_FAMILY = "1,2";
			};
			name = Release;
		};
		91C088231FC5814500D951A8 /* Debug */ = {
			isa = XCBuildConfiguration;
			buildSettings = {
				ALWAYS_EMBED_SWIFT_STANDARD_LIBRARIES = YES;
				BUNDLE_LOADER = "$(TEST_HOST)";
				CODE_SIGN_STYLE = Automatic;
				INFOPLIST_FILE = FunctionDemoTests/Info.plist;
				LD_RUNPATH_SEARCH_PATHS = "$(inherited) @executable_path/Frameworks @loader_path/Frameworks";
				PRODUCT_BUNDLE_IDENTIFIER = com.ITCS.FunctionDemoTests;
				PRODUCT_NAME = "$(TARGET_NAME)";
				SWIFT_VERSION = 4.0;
				TARGETED_DEVICE_FAMILY = "1,2";
				TEST_HOST = "$(BUILT_PRODUCTS_DIR)/FunctionDemo.app/FunctionDemo";
			};
			name = Debug;
		};
		91C088241FC5814500D951A8 /* Release */ = {
			isa = XCBuildConfiguration;
			buildSettings = {
				ALWAYS_EMBED_SWIFT_STANDARD_LIBRARIES = YES;
				BUNDLE_LOADER = "$(TEST_HOST)";
				CODE_SIGN_STYLE = Automatic;
				INFOPLIST_FILE = FunctionDemoTests/Info.plist;
				LD_RUNPATH_SEARCH_PATHS = "$(inherited) @executable_path/Frameworks @loader_path/Frameworks";
				PRODUCT_BUNDLE_IDENTIFIER = com.ITCS.FunctionDemoTests;
				PRODUCT_NAME = "$(TARGET_NAME)";
				SWIFT_VERSION = 4.0;
				TARGETED_DEVICE_FAMILY = "1,2";
				TEST_HOST = "$(BUILT_PRODUCTS_DIR)/FunctionDemo.app/FunctionDemo";
			};
			name = Release;
		};
		91C088261FC5814500D951A8 /* Debug */ = {
			isa = XCBuildConfiguration;
			buildSettings = {
				ALWAYS_EMBED_SWIFT_STANDARD_LIBRARIES = YES;
				CODE_SIGN_STYLE = Automatic;
				INFOPLIST_FILE = FunctionDemoUITests/Info.plist;
				LD_RUNPATH_SEARCH_PATHS = "$(inherited) @executable_path/Frameworks @loader_path/Frameworks";
				PRODUCT_BUNDLE_IDENTIFIER = com.ITCS.FunctionDemoUITests;
				PRODUCT_NAME = "$(TARGET_NAME)";
				SWIFT_VERSION = 4.0;
				TARGETED_DEVICE_FAMILY = "1,2";
				TEST_TARGET_NAME = FunctionDemo;
			};
			name = Debug;
		};
		91C088271FC5814500D951A8 /* Release */ = {
			isa = XCBuildConfiguration;
			buildSettings = {
				ALWAYS_EMBED_SWIFT_STANDARD_LIBRARIES = YES;
				CODE_SIGN_STYLE = Automatic;
				INFOPLIST_FILE = FunctionDemoUITests/Info.plist;
				LD_RUNPATH_SEARCH_PATHS = "$(inherited) @executable_path/Frameworks @loader_path/Frameworks";
				PRODUCT_BUNDLE_IDENTIFIER = com.ITCS.FunctionDemoUITests;
				PRODUCT_NAME = "$(TARGET_NAME)";
				SWIFT_VERSION = 4.0;
				TARGETED_DEVICE_FAMILY = "1,2";
				TEST_TARGET_NAME = FunctionDemo;
			};
			name = Release;
		};
/* End XCBuildConfiguration section */

/* Begin XCConfigurationList section */
		91C087F21FC5814500D951A8 /* Build configuration list for PBXProject "FunctionDemo" */ = {
			isa = XCConfigurationList;
			buildConfigurations = (
				91C0881D1FC5814500D951A8 /* Debug */,
				91C0881E1FC5814500D951A8 /* Release */,
			);
			defaultConfigurationIsVisible = 0;
			defaultConfigurationName = Release;
		};
		91C0881F1FC5814500D951A8 /* Build configuration list for PBXNativeTarget "FunctionDemo" */ = {
			isa = XCConfigurationList;
			buildConfigurations = (
				91C088201FC5814500D951A8 /* Debug */,
				91C088211FC5814500D951A8 /* Release */,
			);
			defaultConfigurationIsVisible = 0;
			defaultConfigurationName = Release;
		};
		91C088221FC5814500D951A8 /* Build configuration list for PBXNativeTarget "FunctionDemoTests" */ = {
			isa = XCConfigurationList;
			buildConfigurations = (
				91C088231FC5814500D951A8 /* Debug */,
				91C088241FC5814500D951A8 /* Release */,
			);
			defaultConfigurationIsVisible = 0;
			defaultConfigurationName = Release;
		};
		91C088251FC5814500D951A8 /* Build configuration list for PBXNativeTarget "FunctionDemoUITests" */ = {
			isa = XCConfigurationList;
			buildConfigurations = (
				91C088261FC5814500D951A8 /* Debug */,
				91C088271FC5814500D951A8 /* Release */,
			);
			defaultConfigurationIsVisible = 0;
			defaultConfigurationName = Release;
		};
/* End XCConfigurationList section */
	};
	rootObject = 91C087EF1FC5814500D951A8 /* Project object */;
}
